{
  "name": "BE-UserService",
  "lockfileVersion": 3,
  "requires": true,
  "packages": {
    "": {
      "dependencies": {
        "@tosspayments/tosspayments-sdk": "^2.3.6"
      }
    },
    "node_modules/@tosspayments/tosspayments-sdk": {
      "version": "2.3.6",
      "resolved": "https://registry.npmjs.org/@tosspayments/tosspayments-sdk/-/tosspayments-sdk-2.3.6.tgz",
      "integrity": "sha512-iMkhuv2VdpPizBh+u7RPxeOX4FP9xf34xqhQ7TIptWlwnk06O7rAQQGmXn65mLnzg4M5MsINAmJtO9JZcREwhQ==",
      "license": "MIT"
    }
  }
}
